// !$*UTF8*$!
{
	archiveVersion = 1;
	classes = {
	};
	objectVersion = 46;
	objects = {

/* Begin PBXBuildFile section */
		8F1B287C14E0080F006C8638 /* AGoTCard.m in Sources */ = {isa = PBXBuildFile; fileRef = 8F1B287814E0080F006C8638 /* AGoTCard.m */; };
		8F1B287D14E0080F006C8638 /* CardDao.m in Sources */ = {isa = PBXBuildFile; fileRef = 8F1B287914E0080F006C8638 /* CardDao.m */; };
		8F1B287F14E0080F006C8638 /* AGoTSet.m in Sources */ = {isa = PBXBuildFile; fileRef = 8F1B287B14E0080F006C8638 /* AGoTSet.m */; };
		8F1B288314E00845006C8638 /* BaseDao.m in Sources */ = {isa = PBXBuildFile; fileRef = 8F1B288214E00845006C8638 /* BaseDao.m */; };
		8F1B288B14E01536006C8638 /* AGoTType.m in Sources */ = {isa = PBXBuildFile; fileRef = 8F1B288A14E01536006C8638 /* AGoTType.m */; };
		8F1B288E14E015F8006C8638 /* TypeDao.m in Sources */ = {isa = PBXBuildFile; fileRef = 8F1B288D14E015F8006C8638 /* TypeDao.m */; };
		8F1B28A414E027BD006C8638 /* claim.png in Resources */ = {isa = PBXBuildFile; fileRef = 8F1B289914E027BD006C8638 /* claim.png */; };
		8F1B28A514E027BD006C8638 /* gc16.png in Resources */ = {isa = PBXBuildFile; fileRef = 8F1B289A14E027BD006C8638 /* gc16.png */; };
		8F1B28A614E027BD006C8638 /* ginc.png in Resources */ = {isa = PBXBuildFile; fileRef = 8F1B289B14E027BD006C8638 /* ginc.png */; };
		8F1B28A714E027BD006C8638 /* holybw.png in Resources */ = {isa = PBXBuildFile; fileRef = 8F1B289C14E027BD006C8638 /* holybw.png */; };
		8F1B28A814E027BD006C8638 /* inf.png in Resources */ = {isa = PBXBuildFile; fileRef = 8F1B289D14E027BD006C8638 /* inf.png */; };
		8F1B28A914E027BD006C8638 /* ini.png in Resources */ = {isa = PBXBuildFile; fileRef = 8F1B289E14E027BD006C8638 /* ini.png */; };
		8F1B28AA14E027BD006C8638 /* learnedbw.png in Resources */ = {isa = PBXBuildFile; fileRef = 8F1B289F14E027BD006C8638 /* learnedbw.png */; };
		8F1B28AB14E027BD006C8638 /* noblebw.png in Resources */ = {isa = PBXBuildFile; fileRef = 8F1B28A014E027BD006C8638 /* noblebw.png */; };
		8F1B28AC14E027BD006C8638 /* shadowsbw.png in Resources */ = {isa = PBXBuildFile; fileRef = 8F1B28A114E027BD006C8638 /* shadowsbw.png */; };
		8F1B28AD14E027BD006C8638 /* str12c.png in Resources */ = {isa = PBXBuildFile; fileRef = 8F1B28A214E027BD006C8638 /* str12c.png */; };
		8F1B28AE14E027BD006C8638 /* warbw.png in Resources */ = {isa = PBXBuildFile; fileRef = 8F1B28A314E027BD006C8638 /* warbw.png */; };
		8F1B28BB14E027C7006C8638 /* basm.png in Resources */ = {isa = PBXBuildFile; fileRef = 8F1B28AF14E027C7006C8638 /* basm.png */; };
		8F1B28BC14E027C7006C8638 /* gjsm.png in Resources */ = {isa = PBXBuildFile; fileRef = 8F1B28B014E027C7006C8638 /* gjsm.png */; };
		8F1B28BD14E027C7006C8638 /* icon.png in Resources */ = {isa = PBXBuildFile; fileRef = 8F1B28B114E027C7006C8638 /* icon.png */; };
		8F1B28BE14E027C7006C8638 /* int16.png in Resources */ = {isa = PBXBuildFile; fileRef = 8F1B28B214E027C7006C8638 /* int16.png */; };
		8F1B28BF14E027C7006C8638 /* lasm.png in Resources */ = {isa = PBXBuildFile; fileRef = 8F1B28B314E027C7006C8638 /* lasm.png */; };
		8F1B28C014E027C7006C8638 /* masm.png in Resources */ = {isa = PBXBuildFile; fileRef = 8F1B28B414E027C7006C8638 /* masm.png */; };
		8F1B28C114E027C7006C8638 /* mil16.png in Resources */ = {isa = PBXBuildFile; fileRef = 8F1B28B514E027C7006C8638 /* mil16.png */; };
		8F1B28C214E027C7006C8638 /* nesm.png in Resources */ = {isa = PBXBuildFile; fileRef = 8F1B28B614E027C7006C8638 /* nesm.png */; };
		8F1B28C314E027C7006C8638 /* pow16.png in Resources */ = {isa = PBXBuildFile; fileRef = 8F1B28B714E027C7006C8638 /* pow16.png */; };
		8F1B28C414E027C7006C8638 /* stsm.png in Resources */ = {isa = PBXBuildFile; fileRef = 8F1B28B814E027C7006C8638 /* stsm.png */; };
		8F1B28C514E027C7006C8638 /* tasm.png in Resources */ = {isa = PBXBuildFile; fileRef = 8F1B28B914E027C7006C8638 /* tasm.png */; };
		8F1B28C614E027C7006C8638 /* unique13.png in Resources */ = {isa = PBXBuildFile; fileRef = 8F1B28BA14E027C7006C8638 /* unique13.png */; };
		8F257E6514DEBFC6008CF1D5 /* UIKit.framework in Frameworks */ = {isa = PBXBuildFile; fileRef = 8F257E6414DEBFC6008CF1D5 /* UIKit.framework */; };
		8F257E6714DEBFC6008CF1D5 /* Foundation.framework in Frameworks */ = {isa = PBXBuildFile; fileRef = 8F257E6614DEBFC6008CF1D5 /* Foundation.framework */; };
		8F257E6914DEBFC6008CF1D5 /* CoreGraphics.framework in Frameworks */ = {isa = PBXBuildFile; fileRef = 8F257E6814DEBFC6008CF1D5 /* CoreGraphics.framework */; };
		8F257E6F14DEBFC6008CF1D5 /* InfoPlist.strings in Resources */ = {isa = PBXBuildFile; fileRef = 8F257E6D14DEBFC6008CF1D5 /* InfoPlist.strings */; };
		8F257E7114DEBFC6008CF1D5 /* main.m in Sources */ = {isa = PBXBuildFile; fileRef = 8F257E7014DEBFC6008CF1D5 /* main.m */; };
		8F257E7514DEBFC6008CF1D5 /* AppDelegate.m in Sources */ = {isa = PBXBuildFile; fileRef = 8F257E7414DEBFC6008CF1D5 /* AppDelegate.m */; };
		8F257E7814DEBFC6008CF1D5 /* MainStoryboard_iPhone.storyboard in Resources */ = {isa = PBXBuildFile; fileRef = 8F257E7614DEBFC6008CF1D5 /* MainStoryboard_iPhone.storyboard */; };
		8F257E8914DEBFC6008CF1D5 /* SenTestingKit.framework in Frameworks */ = {isa = PBXBuildFile; fileRef = 8F257E8814DEBFC6008CF1D5 /* SenTestingKit.framework */; };
		8F257E8A14DEBFC6008CF1D5 /* UIKit.framework in Frameworks */ = {isa = PBXBuildFile; fileRef = 8F257E6414DEBFC6008CF1D5 /* UIKit.framework */; };
		8F257E8B14DEBFC6008CF1D5 /* Foundation.framework in Frameworks */ = {isa = PBXBuildFile; fileRef = 8F257E6614DEBFC6008CF1D5 /* Foundation.framework */; };
		8F257E9314DEBFC6008CF1D5 /* InfoPlist.strings in Resources */ = {isa = PBXBuildFile; fileRef = 8F257E9114DEBFC6008CF1D5 /* InfoPlist.strings */; };
		8F257E9614DEBFC6008CF1D5 /* agot_iosTests.m in Sources */ = {isa = PBXBuildFile; fileRef = 8F257E9514DEBFC6008CF1D5 /* agot_iosTests.m */; };
		8F257EAF14DECFD0008CF1D5 /* FMDatabaseAdditions.m in Sources */ = {isa = PBXBuildFile; fileRef = 8F257EA914DECFD0008CF1D5 /* FMDatabaseAdditions.m */; settings = {COMPILER_FLAGS = "-fno-objc-arc"; }; };
		8F257EB014DECFD0008CF1D5 /* FMDatabase.m in Sources */ = {isa = PBXBuildFile; fileRef = 8F257EAA14DECFD0008CF1D5 /* FMDatabase.m */; settings = {COMPILER_FLAGS = "-fno-objc-arc"; }; };
		8F257EB114DECFD0008CF1D5 /* FMResultSet.m in Sources */ = {isa = PBXBuildFile; fileRef = 8F257EAB14DECFD0008CF1D5 /* FMResultSet.m */; settings = {COMPILER_FLAGS = "-fno-objc-arc"; }; };
		8F257EB314DED0D1008CF1D5 /* libsqlite3.dylib in Frameworks */ = {isa = PBXBuildFile; fileRef = 8F257EB214DED0D1008CF1D5 /* libsqlite3.dylib */; };
		8F31EC1A14E2D0F20034F8AE /* AGoTHouse.m in Sources */ = {isa = PBXBuildFile; fileRef = 8F31EC1914E2D0F20034F8AE /* AGoTHouse.m */; };
		8F31EC1E14E2D1540034F8AE /* AGotCrest.m in Sources */ = {isa = PBXBuildFile; fileRef = 8F31EC1D14E2D1540034F8AE /* AGotCrest.m */; };
		8F31EC2114E2D1CC0034F8AE /* HouseDao.m in Sources */ = {isa = PBXBuildFile; fileRef = 8F31EC2014E2D1CC0034F8AE /* HouseDao.m */; };
		8F31EC2414E2D23A0034F8AE /* CrestDao.m in Sources */ = {isa = PBXBuildFile; fileRef = 8F31EC2314E2D23A0034F8AE /* CrestDao.m */; };
		8F31EC2714E2D2950034F8AE /* SetDao.m in Sources */ = {isa = PBXBuildFile; fileRef = 8F31EC2614E2D2950034F8AE /* SetDao.m */; };
		8F7DF50E14F21F9E0034018C /* EventCardViewController.m in Sources */ = {isa = PBXBuildFile; fileRef = 8F7DF50C14F21F9E0034018C /* EventCardViewController.m */; };
		8F7DF50F14F21F9E0034018C /* EventCardViewController.xib in Resources */ = {isa = PBXBuildFile; fileRef = 8F7DF50D14F21F9E0034018C /* EventCardViewController.xib */; };
		8F7FAC0D14E7B8D3004737F2 /* CardDaoTests.m in Sources */ = {isa = PBXBuildFile; fileRef = 8F7FAC0A14E7B8AD004737F2 /* CardDaoTests.m */; };
		8F7FAC1C14E7EA80004737F2 /* CharacterCardViewController.m in Sources */ = {isa = PBXBuildFile; fileRef = 8F7FAC1A14E7EA80004737F2 /* CharacterCardViewController.m */; };
		8F7FAC1D14E7EA80004737F2 /* CharacterCardViewController.xib in Resources */ = {isa = PBXBuildFile; fileRef = 8F7FAC1B14E7EA80004737F2 /* CharacterCardViewController.xib */; };
		8F81E3CF14FA71FF00C65640 /* PlotCardViewController.m in Sources */ = {isa = PBXBuildFile; fileRef = 8F81E3CD14FA71FF00C65640 /* PlotCardViewController.m */; };
		8F81E3D014FA71FF00C65640 /* PlotCardViewController.xib in Resources */ = {isa = PBXBuildFile; fileRef = 8F81E3CE14FA71FF00C65640 /* PlotCardViewController.xib */; };
		8F81E3D514FA796300C65640 /* AttachmentCardViewController.m in Sources */ = {isa = PBXBuildFile; fileRef = 8F81E3D314FA796200C65640 /* AttachmentCardViewController.m */; };
		8F81E3D614FA796300C65640 /* AttachmentCardViewController.xib in Resources */ = {isa = PBXBuildFile; fileRef = 8F81E3D414FA796200C65640 /* AttachmentCardViewController.xib */; };
		8F81E3DA14FA79CF00C65640 /* AgendaCardViewController.m in Sources */ = {isa = PBXBuildFile; fileRef = 8F81E3D814FA79CE00C65640 /* AgendaCardViewController.m */; };
		8F81E3DB14FA79CF00C65640 /* AgendaCardViewController.xib in Resources */ = {isa = PBXBuildFile; fileRef = 8F81E3D914FA79CF00C65640 /* AgendaCardViewController.xib */; };
		8F81E3DF14FA7A5500C65640 /* LocationCardViewController.m in Sources */ = {isa = PBXBuildFile; fileRef = 8F81E3DD14FA7A5300C65640 /* LocationCardViewController.m */; };
		8F81E3E014FA7A5500C65640 /* LocationCardViewController.xib in Resources */ = {isa = PBXBuildFile; fileRef = 8F81E3DE14FA7A5400C65640 /* LocationCardViewController.xib */; };
		8F81E3E314FA7E5900C65640 /* CardViewController.m in Sources */ = {isa = PBXBuildFile; fileRef = 8F81E3E214FA7E5800C65640 /* CardViewController.m */; };
		8FBBD2FD14E624DA00347C49 /* PagesViewController.m in Sources */ = {isa = PBXBuildFile; fileRef = 8FBBD2FC14E624DA00347C49 /* PagesViewController.m */; };
		8FBF91E314E157D30058D09C /* ResultViewController.m in Sources */ = {isa = PBXBuildFile; fileRef = 8FBF91E214E157D30058D09C /* ResultViewController.m */; };
		8FF6D9FB14E6434300AD1E2D /* AGoTLCGCards.db in Resources */ = {isa = PBXBuildFile; fileRef = 8FF6D9FA14E6434300AD1E2D /* AGoTLCGCards.db */; };
		8FF6DA0E14E6ACE700AD1E2D /* names.plist in Resources */ = {isa = PBXBuildFile; fileRef = 8FF6DA1014E6ACE700AD1E2D /* names.plist */; };
		8FF6DA1214E6AEBB00AD1E2D /* SearchViewController.m in Sources */ = {isa = PBXBuildFile; fileRef = 8FF6DA1314E6AEBB00AD1E2D /* SearchViewController.m */; };
		8FF6DA1614E6B27300AD1E2D /* CardBrief.m in Sources */ = {isa = PBXBuildFile; fileRef = 8FF6DA1514E6B27300AD1E2D /* CardBrief.m */; };
/* End PBXBuildFile section */

/* Begin PBXContainerItemProxy section */
		8F257E8C14DEBFC6008CF1D5 /* PBXContainerItemProxy */ = {
			isa = PBXContainerItemProxy;
			containerPortal = 8F257E5714DEBFC6008CF1D5 /* Project object */;
			proxyType = 1;
			remoteGlobalIDString = 8F257E5F14DEBFC6008CF1D5;
			remoteInfo = "agot-ios";
		};
/* End PBXContainerItemProxy section */

/* Begin PBXFileReference section */
		8F1B287814E0080F006C8638 /* AGoTCard.m */ = {isa = PBXFileReference; fileEncoding = 4; lastKnownFileType = sourcecode.c.objc; path = AGoTCard.m; sourceTree = "<group>"; };
		8F1B287914E0080F006C8638 /* CardDao.m */ = {isa = PBXFileReference; fileEncoding = 4; lastKnownFileType = sourcecode.c.objc; path = CardDao.m; sourceTree = "<group>"; };
		8F1B287B14E0080F006C8638 /* AGoTSet.m */ = {isa = PBXFileReference; fileEncoding = 4; lastKnownFileType = sourcecode.c.objc; path = AGoTSet.m; sourceTree = "<group>"; };
		8F1B288214E00845006C8638 /* BaseDao.m */ = {isa = PBXFileReference; fileEncoding = 4; lastKnownFileType = sourcecode.c.objc; path = BaseDao.m; sourceTree = "<group>"; };
		8F1B288514E00891006C8638 /* AGoTCard.h */ = {isa = PBXFileReference; fileEncoding = 4; lastKnownFileType = sourcecode.c.h; path = AGoTCard.h; sourceTree = "<group>"; };
		8F1B288614E00D58006C8638 /* AGoTSet.h */ = {isa = PBXFileReference; fileEncoding = 4; lastKnownFileType = sourcecode.c.h; path = AGoTSet.h; sourceTree = "<group>"; };
		8F1B288714E00DBF006C8638 /* BaseDao.h */ = {isa = PBXFileReference; fileEncoding = 4; lastKnownFileType = sourcecode.c.h; path = BaseDao.h; sourceTree = "<group>"; };
		8F1B288814E00DC7006C8638 /* CardDao.h */ = {isa = PBXFileReference; fileEncoding = 4; lastKnownFileType = sourcecode.c.h; path = CardDao.h; sourceTree = "<group>"; };
		8F1B288914E01536006C8638 /* AGoTType.h */ = {isa = PBXFileReference; fileEncoding = 4; lastKnownFileType = sourcecode.c.h; path = AGoTType.h; sourceTree = "<group>"; };
		8F1B288A14E01536006C8638 /* AGoTType.m */ = {isa = PBXFileReference; fileEncoding = 4; lastKnownFileType = sourcecode.c.objc; path = AGoTType.m; sourceTree = "<group>"; };
		8F1B288C14E015F8006C8638 /* TypeDao.h */ = {isa = PBXFileReference; fileEncoding = 4; lastKnownFileType = sourcecode.c.h; path = TypeDao.h; sourceTree = "<group>"; };
		8F1B288D14E015F8006C8638 /* TypeDao.m */ = {isa = PBXFileReference; fileEncoding = 4; lastKnownFileType = sourcecode.c.objc; path = TypeDao.m; sourceTree = "<group>"; };
		8F1B288F14E01DC0006C8638 /* SearchViewController.h */ = {isa = PBXFileReference; fileEncoding = 4; lastKnownFileType = sourcecode.c.h; path = SearchViewController.h; sourceTree = "<group>"; };
		8F1B289914E027BD006C8638 /* claim.png */ = {isa = PBXFileReference; lastKnownFileType = image.png; path = claim.png; sourceTree = "<group>"; };
		8F1B289A14E027BD006C8638 /* gc16.png */ = {isa = PBXFileReference; lastKnownFileType = image.png; path = gc16.png; sourceTree = "<group>"; };
		8F1B289B14E027BD006C8638 /* ginc.png */ = {isa = PBXFileReference; lastKnownFileType = image.png; path = ginc.png; sourceTree = "<group>"; };
		8F1B289C14E027BD006C8638 /* holybw.png */ = {isa = PBXFileReference; lastKnownFileType = image.png; path = holybw.png; sourceTree = "<group>"; };
		8F1B289D14E027BD006C8638 /* inf.png */ = {isa = PBXFileReference; lastKnownFileType = image.png; path = inf.png; sourceTree = "<group>"; };
		8F1B289E14E027BD006C8638 /* ini.png */ = {isa = PBXFileReference; lastKnownFileType = image.png; path = ini.png; sourceTree = "<group>"; };
		8F1B289F14E027BD006C8638 /* learnedbw.png */ = {isa = PBXFileReference; lastKnownFileType = image.png; path = learnedbw.png; sourceTree = "<group>"; };
		8F1B28A014E027BD006C8638 /* noblebw.png */ = {isa = PBXFileReference; lastKnownFileType = image.png; path = noblebw.png; sourceTree = "<group>"; };
		8F1B28A114E027BD006C8638 /* shadowsbw.png */ = {isa = PBXFileReference; lastKnownFileType = image.png; path = shadowsbw.png; sourceTree = "<group>"; };
		8F1B28A214E027BD006C8638 /* str12c.png */ = {isa = PBXFileReference; lastKnownFileType = image.png; path = str12c.png; sourceTree = "<group>"; };
		8F1B28A314E027BD006C8638 /* warbw.png */ = {isa = PBXFileReference; lastKnownFileType = image.png; path = warbw.png; sourceTree = "<group>"; };
		8F1B28AF14E027C7006C8638 /* basm.png */ = {isa = PBXFileReference; lastKnownFileType = image.png; path = basm.png; sourceTree = "<group>"; };
		8F1B28B014E027C7006C8638 /* gjsm.png */ = {isa = PBXFileReference; lastKnownFileType = image.png; path = gjsm.png; sourceTree = "<group>"; };
		8F1B28B114E027C7006C8638 /* icon.png */ = {isa = PBXFileReference; lastKnownFileType = image.png; path = icon.png; sourceTree = "<group>"; };
		8F1B28B214E027C7006C8638 /* int16.png */ = {isa = PBXFileReference; lastKnownFileType = image.png; path = int16.png; sourceTree = "<group>"; };
		8F1B28B314E027C7006C8638 /* lasm.png */ = {isa = PBXFileReference; lastKnownFileType = image.png; path = lasm.png; sourceTree = "<group>"; };
		8F1B28B414E027C7006C8638 /* masm.png */ = {isa = PBXFileReference; lastKnownFileType = image.png; path = masm.png; sourceTree = "<group>"; };
		8F1B28B514E027C7006C8638 /* mil16.png */ = {isa = PBXFileReference; lastKnownFileType = image.png; path = mil16.png; sourceTree = "<group>"; };
		8F1B28B614E027C7006C8638 /* nesm.png */ = {isa = PBXFileReference; lastKnownFileType = image.png; path = nesm.png; sourceTree = "<group>"; };
		8F1B28B714E027C7006C8638 /* pow16.png */ = {isa = PBXFileReference; lastKnownFileType = image.png; path = pow16.png; sourceTree = "<group>"; };
		8F1B28B814E027C7006C8638 /* stsm.png */ = {isa = PBXFileReference; lastKnownFileType = image.png; path = stsm.png; sourceTree = "<group>"; };
		8F1B28B914E027C7006C8638 /* tasm.png */ = {isa = PBXFileReference; lastKnownFileType = image.png; path = tasm.png; sourceTree = "<group>"; };
		8F1B28BA14E027C7006C8638 /* unique13.png */ = {isa = PBXFileReference; lastKnownFileType = image.png; path = unique13.png; sourceTree = "<group>"; };
		8F257E6014DEBFC6008CF1D5 /* agot-ios.app */ = {isa = PBXFileReference; explicitFileType = wrapper.application; includeInIndex = 0; path = "agot-ios.app"; sourceTree = BUILT_PRODUCTS_DIR; };
		8F257E6414DEBFC6008CF1D5 /* UIKit.framework */ = {isa = PBXFileReference; lastKnownFileType = wrapper.framework; name = UIKit.framework; path = System/Library/Frameworks/UIKit.framework; sourceTree = SDKROOT; };
		8F257E6614DEBFC6008CF1D5 /* Foundation.framework */ = {isa = PBXFileReference; lastKnownFileType = wrapper.framework; name = Foundation.framework; path = System/Library/Frameworks/Foundation.framework; sourceTree = SDKROOT; };
		8F257E6814DEBFC6008CF1D5 /* CoreGraphics.framework */ = {isa = PBXFileReference; lastKnownFileType = wrapper.framework; name = CoreGraphics.framework; path = System/Library/Frameworks/CoreGraphics.framework; sourceTree = SDKROOT; };
		8F257E6C14DEBFC6008CF1D5 /* agot-ios-Info.plist */ = {isa = PBXFileReference; lastKnownFileType = text.plist.xml; path = "agot-ios-Info.plist"; sourceTree = "<group>"; };
		8F257E6E14DEBFC6008CF1D5 /* en */ = {isa = PBXFileReference; lastKnownFileType = text.plist.strings; name = en; path = en.lproj/InfoPlist.strings; sourceTree = "<group>"; };
		8F257E7014DEBFC6008CF1D5 /* main.m */ = {isa = PBXFileReference; lastKnownFileType = sourcecode.c.objc; path = main.m; sourceTree = "<group>"; };
		8F257E7214DEBFC6008CF1D5 /* agot-ios-Prefix.pch */ = {isa = PBXFileReference; lastKnownFileType = sourcecode.c.h; path = "agot-ios-Prefix.pch"; sourceTree = "<group>"; };
		8F257E7314DEBFC6008CF1D5 /* AppDelegate.h */ = {isa = PBXFileReference; lastKnownFileType = sourcecode.c.h; path = AppDelegate.h; sourceTree = "<group>"; };
		8F257E7414DEBFC6008CF1D5 /* AppDelegate.m */ = {isa = PBXFileReference; lastKnownFileType = sourcecode.c.objc; path = AppDelegate.m; sourceTree = "<group>"; };
		8F257E7714DEBFC6008CF1D5 /* en */ = {isa = PBXFileReference; lastKnownFileType = file.storyboard; name = en; path = en.lproj/MainStoryboard_iPhone.storyboard; sourceTree = "<group>"; };
		8F257E8714DEBFC6008CF1D5 /* agot-iosTests.octest */ = {isa = PBXFileReference; explicitFileType = wrapper.cfbundle; includeInIndex = 0; path = "agot-iosTests.octest"; sourceTree = BUILT_PRODUCTS_DIR; };
		8F257E8814DEBFC6008CF1D5 /* SenTestingKit.framework */ = {isa = PBXFileReference; lastKnownFileType = wrapper.framework; name = SenTestingKit.framework; path = Library/Frameworks/SenTestingKit.framework; sourceTree = DEVELOPER_DIR; };
		8F257E9014DEBFC6008CF1D5 /* agot-iosTests-Info.plist */ = {isa = PBXFileReference; lastKnownFileType = text.plist.xml; path = "agot-iosTests-Info.plist"; sourceTree = "<group>"; };
		8F257E9214DEBFC6008CF1D5 /* en */ = {isa = PBXFileReference; lastKnownFileType = text.plist.strings; name = en; path = en.lproj/InfoPlist.strings; sourceTree = "<group>"; };
		8F257E9414DEBFC6008CF1D5 /* agot_iosTests.h */ = {isa = PBXFileReference; lastKnownFileType = sourcecode.c.h; path = agot_iosTests.h; sourceTree = "<group>"; };
		8F257E9514DEBFC6008CF1D5 /* agot_iosTests.m */ = {isa = PBXFileReference; lastKnownFileType = sourcecode.c.objc; path = agot_iosTests.m; sourceTree = "<group>"; };
		8F257EA914DECFD0008CF1D5 /* FMDatabaseAdditions.m */ = {isa = PBXFileReference; fileEncoding = 4; lastKnownFileType = sourcecode.c.objc; path = FMDatabaseAdditions.m; sourceTree = "<group>"; };
		8F257EAA14DECFD0008CF1D5 /* FMDatabase.m */ = {isa = PBXFileReference; fileEncoding = 4; lastKnownFileType = sourcecode.c.objc; path = FMDatabase.m; sourceTree = "<group>"; };
		8F257EAB14DECFD0008CF1D5 /* FMResultSet.m */ = {isa = PBXFileReference; fileEncoding = 4; lastKnownFileType = sourcecode.c.objc; path = FMResultSet.m; sourceTree = "<group>"; };
		8F257EAC14DECFD0008CF1D5 /* FMDatabaseAdditions.h */ = {isa = PBXFileReference; fileEncoding = 4; lastKnownFileType = sourcecode.c.h; path = FMDatabaseAdditions.h; sourceTree = "<group>"; };
		8F257EAD14DECFD0008CF1D5 /* FMDatabase.h */ = {isa = PBXFileReference; fileEncoding = 4; lastKnownFileType = sourcecode.c.h; path = FMDatabase.h; sourceTree = "<group>"; };
		8F257EAE14DECFD0008CF1D5 /* FMResultSet.h */ = {isa = PBXFileReference; fileEncoding = 4; lastKnownFileType = sourcecode.c.h; path = FMResultSet.h; sourceTree = "<group>"; };
		8F257EB214DED0D1008CF1D5 /* libsqlite3.dylib */ = {isa = PBXFileReference; lastKnownFileType = "compiled.mach-o.dylib"; name = libsqlite3.dylib; path = /usr/lib/libsqlite3.dylib; sourceTree = "<absolute>"; };
		8F31EC1814E2D0F20034F8AE /* AGoTHouse.h */ = {isa = PBXFileReference; fileEncoding = 4; lastKnownFileType = sourcecode.c.h; path = AGoTHouse.h; sourceTree = "<group>"; };
		8F31EC1914E2D0F20034F8AE /* AGoTHouse.m */ = {isa = PBXFileReference; fileEncoding = 4; lastKnownFileType = sourcecode.c.objc; path = AGoTHouse.m; sourceTree = "<group>"; };
		8F31EC1C14E2D1540034F8AE /* AGotCrest.h */ = {isa = PBXFileReference; fileEncoding = 4; lastKnownFileType = sourcecode.c.h; path = AGotCrest.h; sourceTree = "<group>"; };
		8F31EC1D14E2D1540034F8AE /* AGotCrest.m */ = {isa = PBXFileReference; fileEncoding = 4; lastKnownFileType = sourcecode.c.objc; path = AGotCrest.m; sourceTree = "<group>"; };
		8F31EC1F14E2D1CC0034F8AE /* HouseDao.h */ = {isa = PBXFileReference; fileEncoding = 4; lastKnownFileType = sourcecode.c.h; path = HouseDao.h; sourceTree = "<group>"; };
		8F31EC2014E2D1CC0034F8AE /* HouseDao.m */ = {isa = PBXFileReference; fileEncoding = 4; lastKnownFileType = sourcecode.c.objc; path = HouseDao.m; sourceTree = "<group>"; };
		8F31EC2214E2D23A0034F8AE /* CrestDao.h */ = {isa = PBXFileReference; fileEncoding = 4; lastKnownFileType = sourcecode.c.h; path = CrestDao.h; sourceTree = "<group>"; };
		8F31EC2314E2D23A0034F8AE /* CrestDao.m */ = {isa = PBXFileReference; fileEncoding = 4; lastKnownFileType = sourcecode.c.objc; path = CrestDao.m; sourceTree = "<group>"; };
		8F31EC2514E2D2950034F8AE /* SetDao.h */ = {isa = PBXFileReference; fileEncoding = 4; lastKnownFileType = sourcecode.c.h; path = SetDao.h; sourceTree = "<group>"; };
		8F31EC2614E2D2950034F8AE /* SetDao.m */ = {isa = PBXFileReference; fileEncoding = 4; lastKnownFileType = sourcecode.c.objc; path = SetDao.m; sourceTree = "<group>"; };
		8F7DF50B14F21F9E0034018C /* EventCardViewController.h */ = {isa = PBXFileReference; fileEncoding = 4; lastKnownFileType = sourcecode.c.h; path = EventCardViewController.h; sourceTree = "<group>"; };
		8F7DF50C14F21F9E0034018C /* EventCardViewController.m */ = {isa = PBXFileReference; fileEncoding = 4; lastKnownFileType = sourcecode.c.objc; path = EventCardViewController.m; sourceTree = "<group>"; };
		8F7DF50D14F21F9E0034018C /* EventCardViewController.xib */ = {isa = PBXFileReference; fileEncoding = 4; lastKnownFileType = file.xib; path = EventCardViewController.xib; sourceTree = "<group>"; };
		8F7FAC0914E7B8AD004737F2 /* CardDaoTests.h */ = {isa = PBXFileReference; fileEncoding = 4; lastKnownFileType = sourcecode.c.h; path = CardDaoTests.h; sourceTree = "<group>"; };
		8F7FAC0A14E7B8AD004737F2 /* CardDaoTests.m */ = {isa = PBXFileReference; fileEncoding = 4; lastKnownFileType = sourcecode.c.objc; path = CardDaoTests.m; sourceTree = "<group>"; };
		8F7FAC0E14E7BB74004737F2 /* dictKeys.h */ = {isa = PBXFileReference; fileEncoding = 4; lastKnownFileType = sourcecode.c.h; path = dictKeys.h; sourceTree = "<group>"; };
		8F7FAC1914E7EA80004737F2 /* CharacterCardViewController.h */ = {isa = PBXFileReference; fileEncoding = 4; lastKnownFileType = sourcecode.c.h; name = CharacterCardViewController.h; path = ../CharacterCardViewController.h; sourceTree = "<group>"; };
		8F7FAC1A14E7EA80004737F2 /* CharacterCardViewController.m */ = {isa = PBXFileReference; fileEncoding = 4; lastKnownFileType = sourcecode.c.objc; name = CharacterCardViewController.m; path = ../CharacterCardViewController.m; sourceTree = "<group>"; };
		8F7FAC1B14E7EA80004737F2 /* CharacterCardViewController.xib */ = {isa = PBXFileReference; fileEncoding = 4; lastKnownFileType = file.xib; name = CharacterCardViewController.xib; path = ../CharacterCardViewController.xib; sourceTree = "<group>"; };
		8F81E3CC14FA71FF00C65640 /* PlotCardViewController.h */ = {isa = PBXFileReference; fileEncoding = 4; lastKnownFileType = sourcecode.c.h; path = PlotCardViewController.h; sourceTree = "<group>"; };
		8F81E3CD14FA71FF00C65640 /* PlotCardViewController.m */ = {isa = PBXFileReference; fileEncoding = 4; lastKnownFileType = sourcecode.c.objc; path = PlotCardViewController.m; sourceTree = "<group>"; };
		8F81E3CE14FA71FF00C65640 /* PlotCardViewController.xib */ = {isa = PBXFileReference; fileEncoding = 4; lastKnownFileType = file.xib; path = PlotCardViewController.xib; sourceTree = "<group>"; };
		8F81E3D214FA796100C65640 /* AttachmentCardViewController.h */ = {isa = PBXFileReference; fileEncoding = 4; lastKnownFileType = sourcecode.c.h; path = AttachmentCardViewController.h; sourceTree = "<group>"; };
		8F81E3D314FA796200C65640 /* AttachmentCardViewController.m */ = {isa = PBXFileReference; fileEncoding = 4; lastKnownFileType = sourcecode.c.objc; path = AttachmentCardViewController.m; sourceTree = "<group>"; };
		8F81E3D414FA796200C65640 /* AttachmentCardViewController.xib */ = {isa = PBXFileReference; fileEncoding = 4; lastKnownFileType = file.xib; path = AttachmentCardViewController.xib; sourceTree = "<group>"; };
		8F81E3D714FA79CE00C65640 /* AgendaCardViewController.h */ = {isa = PBXFileReference; fileEncoding = 4; lastKnownFileType = sourcecode.c.h; path = AgendaCardViewController.h; sourceTree = "<group>"; };
		8F81E3D814FA79CE00C65640 /* AgendaCardViewController.m */ = {isa = PBXFileReference; fileEncoding = 4; lastKnownFileType = sourcecode.c.objc; path = AgendaCardViewController.m; sourceTree = "<group>"; };
		8F81E3D914FA79CF00C65640 /* AgendaCardViewController.xib */ = {isa = PBXFileReference; fileEncoding = 4; lastKnownFileType = file.xib; path = AgendaCardViewController.xib; sourceTree = "<group>"; };
		8F81E3DC14FA7A5300C65640 /* LocationCardViewController.h */ = {isa = PBXFileReference; fileEncoding = 4; lastKnownFileType = sourcecode.c.h; path = LocationCardViewController.h; sourceTree = "<group>"; };
		8F81E3DD14FA7A5300C65640 /* LocationCardViewController.m */ = {isa = PBXFileReference; fileEncoding = 4; lastKnownFileType = sourcecode.c.objc; path = LocationCardViewController.m; sourceTree = "<group>"; };
		8F81E3DE14FA7A5400C65640 /* LocationCardViewController.xib */ = {isa = PBXFileReference; fileEncoding = 4; lastKnownFileType = file.xib; path = LocationCardViewController.xib; sourceTree = "<group>"; };
		8F81E3E114FA7E5700C65640 /* CardViewController.h */ = {isa = PBXFileReference; fileEncoding = 4; lastKnownFileType = sourcecode.c.h; path = CardViewController.h; sourceTree = "<group>"; };
		8F81E3E214FA7E5800C65640 /* CardViewController.m */ = {isa = PBXFileReference; fileEncoding = 4; lastKnownFileType = sourcecode.c.objc; path = CardViewController.m; sourceTree = "<group>"; };
		8FBBD2FB14E624DA00347C49 /* PagesViewController.h */ = {isa = PBXFileReference; fileEncoding = 4; lastKnownFileType = sourcecode.c.h; path = PagesViewController.h; sourceTree = "<group>"; };
		8FBBD2FC14E624DA00347C49 /* PagesViewController.m */ = {isa = PBXFileReference; fileEncoding = 4; lastKnownFileType = sourcecode.c.objc; path = PagesViewController.m; sourceTree = "<group>"; };
		8FBF91E114E157D30058D09C /* ResultViewController.h */ = {isa = PBXFileReference; fileEncoding = 4; lastKnownFileType = sourcecode.c.h; path = ResultViewController.h; sourceTree = "<group>"; };
		8FBF91E214E157D30058D09C /* ResultViewController.m */ = {isa = PBXFileReference; fileEncoding = 4; lastKnownFileType = sourcecode.c.objc; path = ResultViewController.m; sourceTree = "<group>"; };
		8FF6D9FA14E6434300AD1E2D /* AGoTLCGCards.db */ = {isa = PBXFileReference; lastKnownFileType = file; path = AGoTLCGCards.db; sourceTree = "<group>"; };
		8FF6DA0F14E6ACE700AD1E2D /* en */ = {isa = PBXFileReference; lastKnownFileType = text.plist.xml; name = en; path = en.lproj/names.plist; sourceTree = "<group>"; };
		8FF6DA1314E6AEBB00AD1E2D /* SearchViewController.m */ = {isa = PBXFileReference; lastKnownFileType = sourcecode.c.objc; path = SearchViewController.m; sourceTree = "<group>"; };
		8FF6DA1414E6B27300AD1E2D /* CardBrief.h */ = {isa = PBXFileReference; fileEncoding = 4; lastKnownFileType = sourcecode.c.h; path = CardBrief.h; sourceTree = "<group>"; };
		8FF6DA1514E6B27300AD1E2D /* CardBrief.m */ = {isa = PBXFileReference; fileEncoding = 4; lastKnownFileType = sourcecode.c.objc; path = CardBrief.m; sourceTree = "<group>"; };
/* End PBXFileReference section */

/* Begin PBXFrameworksBuildPhase section */
		8F257E5D14DEBFC6008CF1D5 /* Frameworks */ = {
			isa = PBXFrameworksBuildPhase;
			buildActionMask = 2147483647;
			files = (
				8F257EB314DED0D1008CF1D5 /* libsqlite3.dylib in Frameworks */,
				8F257E6514DEBFC6008CF1D5 /* UIKit.framework in Frameworks */,
				8F257E6714DEBFC6008CF1D5 /* Foundation.framework in Frameworks */,
				8F257E6914DEBFC6008CF1D5 /* CoreGraphics.framework in Frameworks */,
			);
			runOnlyForDeploymentPostprocessing = 0;
		};
		8F257E8314DEBFC6008CF1D5 /* Frameworks */ = {
			isa = PBXFrameworksBuildPhase;
			buildActionMask = 2147483647;
			files = (
				8F257E8914DEBFC6008CF1D5 /* SenTestingKit.framework in Frameworks */,
				8F257E8A14DEBFC6008CF1D5 /* UIKit.framework in Frameworks */,
				8F257E8B14DEBFC6008CF1D5 /* Foundation.framework in Frameworks */,
			);
			runOnlyForDeploymentPostprocessing = 0;
		};
/* End PBXFrameworksBuildPhase section */

/* Begin PBXGroup section */
		8F1B288114E00817006C8638 /* DAO */ = {
			isa = PBXGroup;
			children = (
				8F1B288814E00DC7006C8638 /* CardDao.h */,
				8F1B287914E0080F006C8638 /* CardDao.m */,
				8F1B288714E00DBF006C8638 /* BaseDao.h */,
				8F1B288214E00845006C8638 /* BaseDao.m */,
				8F1B288C14E015F8006C8638 /* TypeDao.h */,
				8F1B288D14E015F8006C8638 /* TypeDao.m */,
				8F31EC1F14E2D1CC0034F8AE /* HouseDao.h */,
				8F31EC2014E2D1CC0034F8AE /* HouseDao.m */,
				8F31EC2214E2D23A0034F8AE /* CrestDao.h */,
				8F31EC2314E2D23A0034F8AE /* CrestDao.m */,
				8F31EC2514E2D2950034F8AE /* SetDao.h */,
				8F31EC2614E2D2950034F8AE /* SetDao.m */,
			);
			name = DAO;
			sourceTree = "<group>";
		};
		8F1B288414E0084D006C8638 /* Bean */ = {
			isa = PBXGroup;
			children = (
				8F1B288914E01536006C8638 /* AGoTType.h */,
				8F1B288A14E01536006C8638 /* AGoTType.m */,
				8F1B288514E00891006C8638 /* AGoTCard.h */,
				8F1B287814E0080F006C8638 /* AGoTCard.m */,
				8F1B288614E00D58006C8638 /* AGoTSet.h */,
				8F1B287B14E0080F006C8638 /* AGoTSet.m */,
				8F31EC1814E2D0F20034F8AE /* AGoTHouse.h */,
				8F31EC1914E2D0F20034F8AE /* AGoTHouse.m */,
				8F31EC1C14E2D1540034F8AE /* AGotCrest.h */,
				8F31EC1D14E2D1540034F8AE /* AGotCrest.m */,
				8FF6DA1414E6B27300AD1E2D /* CardBrief.h */,
				8FF6DA1514E6B27300AD1E2D /* CardBrief.m */,
			);
			name = Bean;
			sourceTree = "<group>";
		};
		8F1B289814E027A4006C8638 /* Resources */ = {
			isa = PBXGroup;
			children = (
				8F1B28AF14E027C7006C8638 /* basm.png */,
				8F1B28B014E027C7006C8638 /* gjsm.png */,
				8F1B28B114E027C7006C8638 /* icon.png */,
				8F1B28B214E027C7006C8638 /* int16.png */,
				8F1B28B314E027C7006C8638 /* lasm.png */,
				8F1B28B414E027C7006C8638 /* masm.png */,
				8F1B28B514E027C7006C8638 /* mil16.png */,
				8F1B28B614E027C7006C8638 /* nesm.png */,
				8F1B28B714E027C7006C8638 /* pow16.png */,
				8F1B28B814E027C7006C8638 /* stsm.png */,
				8F1B28B914E027C7006C8638 /* tasm.png */,
				8F1B28BA14E027C7006C8638 /* unique13.png */,
				8F1B289914E027BD006C8638 /* claim.png */,
				8F1B289A14E027BD006C8638 /* gc16.png */,
				8F1B289B14E027BD006C8638 /* ginc.png */,
				8F1B289C14E027BD006C8638 /* holybw.png */,
				8F1B289D14E027BD006C8638 /* inf.png */,
				8F1B289E14E027BD006C8638 /* ini.png */,
				8F1B289F14E027BD006C8638 /* learnedbw.png */,
				8F1B28A014E027BD006C8638 /* noblebw.png */,
				8F1B28A114E027BD006C8638 /* shadowsbw.png */,
				8F1B28A214E027BD006C8638 /* str12c.png */,
				8F1B28A314E027BD006C8638 /* warbw.png */,
			);
			name = Resources;
			sourceTree = "<group>";
		};
		8F257E5514DEBFC6008CF1D5 = {
			isa = PBXGroup;
			children = (
				8F257E6A14DEBFC6008CF1D5 /* agot-ios */,
				8F257E8E14DEBFC6008CF1D5 /* agot-iosTests */,
				8F257E6314DEBFC6008CF1D5 /* Frameworks */,
				8F257E6114DEBFC6008CF1D5 /* Products */,
			);
			sourceTree = "<group>";
		};
		8F257E6114DEBFC6008CF1D5 /* Products */ = {
			isa = PBXGroup;
			children = (
				8F257E6014DEBFC6008CF1D5 /* agot-ios.app */,
				8F257E8714DEBFC6008CF1D5 /* agot-iosTests.octest */,
			);
			name = Products;
			sourceTree = "<group>";
		};
		8F257E6314DEBFC6008CF1D5 /* Frameworks */ = {
			isa = PBXGroup;
			children = (
				8F257EB214DED0D1008CF1D5 /* libsqlite3.dylib */,
				8F257E6414DEBFC6008CF1D5 /* UIKit.framework */,
				8F257E6614DEBFC6008CF1D5 /* Foundation.framework */,
				8F257E6814DEBFC6008CF1D5 /* CoreGraphics.framework */,
				8F257E8814DEBFC6008CF1D5 /* SenTestingKit.framework */,
			);
			name = Frameworks;
			sourceTree = "<group>";
		};
		8F257E6A14DEBFC6008CF1D5 /* agot-ios */ = {
			isa = PBXGroup;
			children = (
				8F1B289814E027A4006C8638 /* Resources */,
				8F1B288414E0084D006C8638 /* Bean */,
				8F1B288114E00817006C8638 /* DAO */,
				8F257EA814DECFB6008CF1D5 /* FMDB */,
				8F257E7314DEBFC6008CF1D5 /* AppDelegate.h */,
				8F257E7414DEBFC6008CF1D5 /* AppDelegate.m */,
				8F257E7614DEBFC6008CF1D5 /* MainStoryboard_iPhone.storyboard */,
				8FBBD2FB14E624DA00347C49 /* PagesViewController.h */,
				8FBBD2FC14E624DA00347C49 /* PagesViewController.m */,
				8F1B288F14E01DC0006C8638 /* SearchViewController.h */,
				8FF6DA1314E6AEBB00AD1E2D /* SearchViewController.m */,
				8FBF91E114E157D30058D09C /* ResultViewController.h */,
				8FBF91E214E157D30058D09C /* ResultViewController.m */,
				8F257E6B14DEBFC6008CF1D5 /* Supporting Files */,
				8F7FAC0E14E7BB74004737F2 /* dictKeys.h */,
				8F81E3E114FA7E5700C65640 /* CardViewController.h */,
				8F81E3E214FA7E5800C65640 /* CardViewController.m */,
				8F81E3D714FA79CE00C65640 /* AgendaCardViewController.h */,
				8F81E3D814FA79CE00C65640 /* AgendaCardViewController.m */,
				8F81E3D914FA79CF00C65640 /* AgendaCardViewController.xib */,
				8F81E3D214FA796100C65640 /* AttachmentCardViewController.h */,
				8F81E3D314FA796200C65640 /* AttachmentCardViewController.m */,
				8F81E3D414FA796200C65640 /* AttachmentCardViewController.xib */,
				8F7FAC1914E7EA80004737F2 /* CharacterCardViewController.h */,
				8F7FAC1A14E7EA80004737F2 /* CharacterCardViewController.m */,
				8F7FAC1B14E7EA80004737F2 /* CharacterCardViewController.xib */,
				8F7DF50B14F21F9E0034018C /* EventCardViewController.h */,
				8F7DF50C14F21F9E0034018C /* EventCardViewController.m */,
				8F7DF50D14F21F9E0034018C /* EventCardViewController.xib */,
				8F81E3DC14FA7A5300C65640 /* LocationCardViewController.h */,
				8F81E3DD14FA7A5300C65640 /* LocationCardViewController.m */,
				8F81E3DE14FA7A5400C65640 /* LocationCardViewController.xib */,
				8F81E3CC14FA71FF00C65640 /* PlotCardViewController.h */,
				8F81E3CD14FA71FF00C65640 /* PlotCardViewController.m */,
				8F81E3CE14FA71FF00C65640 /* PlotCardViewController.xib */,
			);
			path = "agot-ios";
			sourceTree = "<group>";
		};
		8F257E6B14DEBFC6008CF1D5 /* Supporting Files */ = {
			isa = PBXGroup;
			children = (
				8FF6D9FA14E6434300AD1E2D /* AGoTLCGCards.db */,
				8F257E6C14DEBFC6008CF1D5 /* agot-ios-Info.plist */,
				8F257E6D14DEBFC6008CF1D5 /* InfoPlist.strings */,
				8F257E7014DEBFC6008CF1D5 /* main.m */,
				8F257E7214DEBFC6008CF1D5 /* agot-ios-Prefix.pch */,
				8FF6DA1014E6ACE700AD1E2D /* names.plist */,
			);
			name = "Supporting Files";
			sourceTree = "<group>";
		};
		8F257E8E14DEBFC6008CF1D5 /* agot-iosTests */ = {
			isa = PBXGroup;
			children = (
				8F257E9414DEBFC6008CF1D5 /* agot_iosTests.h */,
				8F257E9514DEBFC6008CF1D5 /* agot_iosTests.m */,
				8F257E8F14DEBFC6008CF1D5 /* Supporting Files */,
				8F7FAC0914E7B8AD004737F2 /* CardDaoTests.h */,
				8F7FAC0A14E7B8AD004737F2 /* CardDaoTests.m */,
			);
			path = "agot-iosTests";
			sourceTree = "<group>";
		};
		8F257E8F14DEBFC6008CF1D5 /* Supporting Files */ = {
			isa = PBXGroup;
			children = (
				8F257E9014DEBFC6008CF1D5 /* agot-iosTests-Info.plist */,
				8F257E9114DEBFC6008CF1D5 /* InfoPlist.strings */,
			);
			name = "Supporting Files";
			sourceTree = "<group>";
		};
		8F257EA814DECFB6008CF1D5 /* FMDB */ = {
			isa = PBXGroup;
			children = (
				8F257EA914DECFD0008CF1D5 /* FMDatabaseAdditions.m */,
				8F257EAA14DECFD0008CF1D5 /* FMDatabase.m */,
				8F257EAB14DECFD0008CF1D5 /* FMResultSet.m */,
				8F257EAC14DECFD0008CF1D5 /* FMDatabaseAdditions.h */,
				8F257EAD14DECFD0008CF1D5 /* FMDatabase.h */,
				8F257EAE14DECFD0008CF1D5 /* FMResultSet.h */,
			);
			name = FMDB;
			sourceTree = "<group>";
		};
/* End PBXGroup section */

/* Begin PBXNativeTarget section */
		8F257E5F14DEBFC6008CF1D5 /* agot-ios */ = {
			isa = PBXNativeTarget;
			buildConfigurationList = 8F257E9914DEBFC6008CF1D5 /* Build configuration list for PBXNativeTarget "agot-ios" */;
			buildPhases = (
				8F257E5C14DEBFC6008CF1D5 /* Sources */,
				8F257E5D14DEBFC6008CF1D5 /* Frameworks */,
				8F257E5E14DEBFC6008CF1D5 /* Resources */,
			);
			buildRules = (
			);
			dependencies = (
			);
			name = "agot-ios";
			productName = "agot-ios";
			productReference = 8F257E6014DEBFC6008CF1D5 /* agot-ios.app */;
			productType = "com.apple.product-type.application";
		};
		8F257E8614DEBFC6008CF1D5 /* agot-iosTests */ = {
			isa = PBXNativeTarget;
			buildConfigurationList = 8F257E9C14DEBFC6008CF1D5 /* Build configuration list for PBXNativeTarget "agot-iosTests" */;
			buildPhases = (
				8F257E8214DEBFC6008CF1D5 /* Sources */,
				8F257E8314DEBFC6008CF1D5 /* Frameworks */,
				8F257E8414DEBFC6008CF1D5 /* Resources */,
				8F257E8514DEBFC6008CF1D5 /* ShellScript */,
			);
			buildRules = (
			);
			dependencies = (
				8F257E8D14DEBFC6008CF1D5 /* PBXTargetDependency */,
			);
			name = "agot-iosTests";
			productName = "agot-iosTests";
			productReference = 8F257E8714DEBFC6008CF1D5 /* agot-iosTests.octest */;
			productType = "com.apple.product-type.bundle";
		};
/* End PBXNativeTarget section */

/* Begin PBXProject section */
		8F257E5714DEBFC6008CF1D5 /* Project object */ = {
			isa = PBXProject;
			attributes = {
				LastUpgradeCheck = 0420;
			};
			buildConfigurationList = 8F257E5A14DEBFC6008CF1D5 /* Build configuration list for PBXProject "agot-ios" */;
			compatibilityVersion = "Xcode 3.2";
			developmentRegion = English;
			hasScannedForEncodings = 0;
			knownRegions = (
				en,
				"zh-Hans",
			);
			mainGroup = 8F257E5514DEBFC6008CF1D5;
			productRefGroup = 8F257E6114DEBFC6008CF1D5 /* Products */;
			projectDirPath = "";
			projectRoot = "";
			targets = (
				8F257E5F14DEBFC6008CF1D5 /* agot-ios */,
				8F257E8614DEBFC6008CF1D5 /* agot-iosTests */,
			);
		};
/* End PBXProject section */

/* Begin PBXResourcesBuildPhase section */
		8F257E5E14DEBFC6008CF1D5 /* Resources */ = {
			isa = PBXResourcesBuildPhase;
			buildActionMask = 2147483647;
			files = (
				8F257E6F14DEBFC6008CF1D5 /* InfoPlist.strings in Resources */,
				8F257E7814DEBFC6008CF1D5 /* MainStoryboard_iPhone.storyboard in Resources */,
				8F1B28A414E027BD006C8638 /* claim.png in Resources */,
				8F1B28A514E027BD006C8638 /* gc16.png in Resources */,
				8F1B28A614E027BD006C8638 /* ginc.png in Resources */,
				8F1B28A714E027BD006C8638 /* holybw.png in Resources */,
				8F1B28A814E027BD006C8638 /* inf.png in Resources */,
				8F1B28A914E027BD006C8638 /* ini.png in Resources */,
				8F1B28AA14E027BD006C8638 /* learnedbw.png in Resources */,
				8F1B28AB14E027BD006C8638 /* noblebw.png in Resources */,
				8F1B28AC14E027BD006C8638 /* shadowsbw.png in Resources */,
				8F1B28AD14E027BD006C8638 /* str12c.png in Resources */,
				8F1B28AE14E027BD006C8638 /* warbw.png in Resources */,
				8F1B28BB14E027C7006C8638 /* basm.png in Resources */,
				8F1B28BC14E027C7006C8638 /* gjsm.png in Resources */,
				8F1B28BD14E027C7006C8638 /* icon.png in Resources */,
				8F1B28BE14E027C7006C8638 /* int16.png in Resources */,
				8F1B28BF14E027C7006C8638 /* lasm.png in Resources */,
				8F1B28C014E027C7006C8638 /* masm.png in Resources */,
				8F1B28C114E027C7006C8638 /* mil16.png in Resources */,
				8F1B28C214E027C7006C8638 /* nesm.png in Resources */,
				8F1B28C314E027C7006C8638 /* pow16.png in Resources */,
				8F1B28C414E027C7006C8638 /* stsm.png in Resources */,
				8F1B28C514E027C7006C8638 /* tasm.png in Resources */,
				8F1B28C614E027C7006C8638 /* unique13.png in Resources */,
				8FF6D9FB14E6434300AD1E2D /* AGoTLCGCards.db in Resources */,
				8FF6DA0E14E6ACE700AD1E2D /* names.plist in Resources */,
				8F7FAC1D14E7EA80004737F2 /* CharacterCardViewController.xib in Resources */,
				8F7DF50F14F21F9E0034018C /* EventCardViewController.xib in Resources */,
				8F81E3D014FA71FF00C65640 /* PlotCardViewController.xib in Resources */,
				8F81E3D614FA796300C65640 /* AttachmentCardViewController.xib in Resources */,
				8F81E3DB14FA79CF00C65640 /* AgendaCardViewController.xib in Resources */,
				8F81E3E014FA7A5500C65640 /* LocationCardViewController.xib in Resources */,
			);
			runOnlyForDeploymentPostprocessing = 0;
		};
		8F257E8414DEBFC6008CF1D5 /* Resources */ = {
			isa = PBXResourcesBuildPhase;
			buildActionMask = 2147483647;
			files = (
				8F257E9314DEBFC6008CF1D5 /* InfoPlist.strings in Resources */,
			);
			runOnlyForDeploymentPostprocessing = 0;
		};
/* End PBXResourcesBuildPhase section */

/* Begin PBXShellScriptBuildPhase section */
		8F257E8514DEBFC6008CF1D5 /* ShellScript */ = {
			isa = PBXShellScriptBuildPhase;
			buildActionMask = 2147483647;
			files = (
			);
			inputPaths = (
			);
			outputPaths = (
			);
			runOnlyForDeploymentPostprocessing = 0;
			shellPath = /bin/sh;
			shellScript = "# Run the unit tests in this test bundle.\n\"${SYSTEM_DEVELOPER_DIR}/Tools/RunUnitTests\"\n";
		};
/* End PBXShellScriptBuildPhase section */

/* Begin PBXSourcesBuildPhase section */
		8F257E5C14DEBFC6008CF1D5 /* Sources */ = {
			isa = PBXSourcesBuildPhase;
			buildActionMask = 2147483647;
			files = (
				8F257E7114DEBFC6008CF1D5 /* main.m in Sources */,
				8F257E7514DEBFC6008CF1D5 /* AppDelegate.m in Sources */,
				8F257EAF14DECFD0008CF1D5 /* FMDatabaseAdditions.m in Sources */,
				8F257EB014DECFD0008CF1D5 /* FMDatabase.m in Sources */,
				8F257EB114DECFD0008CF1D5 /* FMResultSet.m in Sources */,
				8F1B287C14E0080F006C8638 /* AGoTCard.m in Sources */,
				8F1B287D14E0080F006C8638 /* CardDao.m in Sources */,
				8F1B287F14E0080F006C8638 /* AGoTSet.m in Sources */,
				8F1B288314E00845006C8638 /* BaseDao.m in Sources */,
				8F1B288B14E01536006C8638 /* AGoTType.m in Sources */,
				8F1B288E14E015F8006C8638 /* TypeDao.m in Sources */,
				8FF6DA1214E6AEBB00AD1E2D /* SearchViewController.m in Sources */,
				8FBF91E314E157D30058D09C /* ResultViewController.m in Sources */,
				8F31EC1A14E2D0F20034F8AE /* AGoTHouse.m in Sources */,
				8F31EC1E14E2D1540034F8AE /* AGotCrest.m in Sources */,
				8F31EC2114E2D1CC0034F8AE /* HouseDao.m in Sources */,
				8F31EC2414E2D23A0034F8AE /* CrestDao.m in Sources */,
				8F31EC2714E2D2950034F8AE /* SetDao.m in Sources */,
				8FBBD2FD14E624DA00347C49 /* PagesViewController.m in Sources */,
				8FF6DA1614E6B27300AD1E2D /* CardBrief.m in Sources */,
				8F7FAC1C14E7EA80004737F2 /* CharacterCardViewController.m in Sources */,
				8F7DF50E14F21F9E0034018C /* EventCardViewController.m in Sources */,
				8F81E3CF14FA71FF00C65640 /* PlotCardViewController.m in Sources */,
				8F81E3D514FA796300C65640 /* AttachmentCardViewController.m in Sources */,
				8F81E3DA14FA79CF00C65640 /* AgendaCardViewController.m in Sources */,
				8F81E3DF14FA7A5500C65640 /* LocationCardViewController.m in Sources */,
				8F81E3E314FA7E5900C65640 /* CardViewController.m in Sources */,
			);
			runOnlyForDeploymentPostprocessing = 0;
		};
		8F257E8214DEBFC6008CF1D5 /* Sources */ = {
			isa = PBXSourcesBuildPhase;
			buildActionMask = 2147483647;
			files = (
				8F257E9614DEBFC6008CF1D5 /* agot_iosTests.m in Sources */,
				8F7FAC0D14E7B8D3004737F2 /* CardDaoTests.m in Sources */,
			);
			runOnlyForDeploymentPostprocessing = 0;
		};
/* End PBXSourcesBuildPhase section */

/* Begin PBXTargetDependency section */
		8F257E8D14DEBFC6008CF1D5 /* PBXTargetDependency */ = {
			isa = PBXTargetDependency;
			target = 8F257E5F14DEBFC6008CF1D5 /* agot-ios */;
			targetProxy = 8F257E8C14DEBFC6008CF1D5 /* PBXContainerItemProxy */;
		};
/* End PBXTargetDependency section */

/* Begin PBXVariantGroup section */
		8F257E6D14DEBFC6008CF1D5 /* InfoPlist.strings */ = {
			isa = PBXVariantGroup;
			children = (
				8F257E6E14DEBFC6008CF1D5 /* en */,
			);
			name = InfoPlist.strings;
			sourceTree = "<group>";
		};
		8F257E7614DEBFC6008CF1D5 /* MainStoryboard_iPhone.storyboard */ = {
			isa = PBXVariantGroup;
			children = (
				8F257E7714DEBFC6008CF1D5 /* en */,
			);
			name = MainStoryboard_iPhone.storyboard;
			sourceTree = "<group>";
		};
		8F257E9114DEBFC6008CF1D5 /* InfoPlist.strings */ = {
			isa = PBXVariantGroup;
			children = (
				8F257E9214DEBFC6008CF1D5 /* en */,
			);
			name = InfoPlist.strings;
			sourceTree = "<group>";
		};
		8FF6DA1014E6ACE700AD1E2D /* names.plist */ = {
			isa = PBXVariantGroup;
			children = (
				8FF6DA0F14E6ACE700AD1E2D /* en */,
			);
			name = names.plist;
			sourceTree = "<group>";
		};
/* End PBXVariantGroup section */

/* Begin XCBuildConfiguration section */
		8F257E9714DEBFC6008CF1D5 /* Debug */ = {
			isa = XCBuildConfiguration;
			buildSettings = {
				ALWAYS_SEARCH_USER_PATHS = NO;
				ARCHS = "$(ARCHS_STANDARD_32_BIT)";
				CLANG_ENABLE_OBJC_ARC = YES;
				"CODE_SIGN_IDENTITY[sdk=iphoneos*]" = "";
				COPY_PHASE_STRIP = NO;
				GCC_C_LANGUAGE_STANDARD = gnu99;
				GCC_DYNAMIC_NO_PIC = NO;
				GCC_OPTIMIZATION_LEVEL = 0;
				GCC_PREPROCESSOR_DEFINITIONS = (
					"DEBUG=1",
					"$(inherited)",
				);
				GCC_SYMBOLS_PRIVATE_EXTERN = NO;
				GCC_VERSION = com.apple.compilers.llvm.clang.1_0;
				GCC_WARN_ABOUT_MISSING_PROTOTYPES = YES;
				GCC_WARN_ABOUT_RETURN_TYPE = YES;
				GCC_WARN_UNUSED_VARIABLE = YES;
				IPHONEOS_DEPLOYMENT_TARGET = 5.0;
				SDKROOT = iphoneos;
				TARGETED_DEVICE_FAMILY = "1,2";
			};
			name = Debug;
		};
		8F257E9814DEBFC6008CF1D5 /* Release */ = {
			isa = XCBuildConfiguration;
			buildSettings = {
				ALWAYS_SEARCH_USER_PATHS = NO;
				ARCHS = "$(ARCHS_STANDARD_32_BIT)";
				CLANG_ENABLE_OBJC_ARC = YES;
				"CODE_SIGN_IDENTITY[sdk=iphoneos*]" = "";
				COPY_PHASE_STRIP = YES;
				GCC_C_LANGUAGE_STANDARD = gnu99;
				GCC_VERSION = com.apple.compilers.llvm.clang.1_0;
				GCC_WARN_ABOUT_MISSING_PROTOTYPES = YES;
				GCC_WARN_ABOUT_RETURN_TYPE = YES;
				GCC_WARN_UNUSED_VARIABLE = YES;
				IPHONEOS_DEPLOYMENT_TARGET = 5.0;
				OTHER_CFLAGS = "-DNS_BLOCK_ASSERTIONS=1";
				SDKROOT = iphoneos;
				TARGETED_DEVICE_FAMILY = "1,2";
				VALIDATE_PRODUCT = YES;
			};
			name = Release;
		};
		8F257E9A14DEBFC6008CF1D5 /* Debug */ = {
			isa = XCBuildConfiguration;
			buildSettings = {
				GCC_PRECOMPILE_PREFIX_HEADER = YES;
				GCC_PREFIX_HEADER = "agot-ios/agot-ios-Prefix.pch";
				INFOPLIST_FILE = "agot-ios/agot-ios-Info.plist";
				PRODUCT_NAME = "$(TARGET_NAME)";
				WRAPPER_EXTENSION = app;
			};
			name = Debug;
		};
		8F257E9B14DEBFC6008CF1D5 /* Release */ = {
			isa = XCBuildConfiguration;
			buildSettings = {
				GCC_PRECOMPILE_PREFIX_HEADER = YES;
				GCC_PREFIX_HEADER = "agot-ios/agot-ios-Prefix.pch";
				INFOPLIST_FILE = "agot-ios/agot-ios-Info.plist";
				PRODUCT_NAME = "$(TARGET_NAME)";
				WRAPPER_EXTENSION = app;
			};
			name = Release;
		};
		8F257E9D14DEBFC6008CF1D5 /* Debug */ = {
			isa = XCBuildConfiguration;
			buildSettings = {
				BUNDLE_LOADER = "$(BUILT_PRODUCTS_DIR)/agot-ios.app/agot-ios";
				FRAMEWORK_SEARCH_PATHS = (
					"$(SDKROOT)/Developer/Library/Frameworks",
					"$(DEVELOPER_LIBRARY_DIR)/Frameworks",
				);
				GCC_PRECOMPILE_PREFIX_HEADER = YES;
				GCC_PREFIX_HEADER = "agot-ios/agot-ios-Prefix.pch";
				INFOPLIST_FILE = "agot-iosTests/agot-iosTests-Info.plist";
				PRODUCT_NAME = "$(TARGET_NAME)";
				TEST_HOST = "$(BUNDLE_LOADER)";
				WRAPPER_EXTENSION = octest;
			};
			name = Debug;
		};
		8F257E9E14DEBFC6008CF1D5 /* Release */ = {
			isa = XCBuildConfiguration;
			buildSettings = {
				BUNDLE_LOADER = "$(BUILT_PRODUCTS_DIR)/agot-ios.app/agot-ios";
				FRAMEWORK_SEARCH_PATHS = (
					"$(SDKROOT)/Developer/Library/Frameworks",
					"$(DEVELOPER_LIBRARY_DIR)/Frameworks",
				);
				GCC_PRECOMPILE_PREFIX_HEADER = YES;
				GCC_PREFIX_HEADER = "agot-ios/agot-ios-Prefix.pch";
				INFOPLIST_FILE = "agot-iosTests/agot-iosTests-Info.plist";
				PRODUCT_NAME = "$(TARGET_NAME)";
				TEST_HOST = "$(BUNDLE_LOADER)";
				WRAPPER_EXTENSION = octest;
			};
			name = Release;
		};
/* End XCBuildConfiguration section */

/* Begin XCConfigurationList section */
		8F257E5A14DEBFC6008CF1D5 /* Build configuration list for PBXProject "agot-ios" */ = {
			isa = XCConfigurationList;
			buildConfigurations = (
				8F257E9714DEBFC6008CF1D5 /* Debug */,
				8F257E9814DEBFC6008CF1D5 /* Release */,
			);
			defaultConfigurationIsVisible = 0;
			defaultConfigurationName = Release;
		};
		8F257E9914DEBFC6008CF1D5 /* Build configuration list for PBXNativeTarget "agot-ios" */ = {
			isa = XCConfigurationList;
			buildConfigurations = (
				8F257E9A14DEBFC6008CF1D5 /* Debug */,
				8F257E9B14DEBFC6008CF1D5 /* Release */,
			);
			defaultConfigurationIsVisible = 0;
			defaultConfigurationName = Release;
		};
		8F257E9C14DEBFC6008CF1D5 /* Build configuration list for PBXNativeTarget "agot-iosTests" */ = {
			isa = XCConfigurationList;
			buildConfigurations = (
				8F257E9D14DEBFC6008CF1D5 /* Debug */,
				8F257E9E14DEBFC6008CF1D5 /* Release */,
			);
			defaultConfigurationIsVisible = 0;
			defaultConfigurationName = Release;
		};
/* End XCConfigurationList section */
	};
	rootObject = 8F257E5714DEBFC6008CF1D5 /* Project object */;
}
